{
    "_readme": [
        "This file locks the dependencies of your project to a known state",
        "Read more about it at https://getcomposer.org/doc/01-basic-usage.md#installing-dependencies",
        "This file is @generated automatically"
    ],
    "content-hash": "7d84f2d2cbcfd22116aae969365a2f85",
    "packages": [],
    "packages-dev": [
        {
            "name": "composer/class-map-generator",
            "version": "1.6.2",
            "source": {
                "type": "git",
                "url": "https://github.com/composer/class-map-generator.git",
                "reference": "ba9f089655d4cdd64e762a6044f411ccdaec0076"
            },
            "dist": {
                "type": "zip",
                "url": "https://api.github.com/repos/composer/class-map-generator/zipball/ba9f089655d4cdd64e762a6044f411ccdaec0076",
                "reference": "ba9f089655d4cdd64e762a6044f411ccdaec0076",
                "shasum": ""
            },
            "require": {
                "composer/pcre": "^2.1 || ^3.1",
                "php": "^7.2 || ^8.0",
                "symfony/finder": "^4.4 || ^5.3 || ^6 || ^7"
            },
            "require-dev": {
                "phpstan/phpstan": "^1.12 || ^2",
                "phpstan/phpstan-deprecation-rules": "^1 || ^2",
                "phpstan/phpstan-phpunit": "^1 || ^2",
                "phpstan/phpstan-strict-rules": "^1.1 || ^2",
                "phpunit/phpunit": "^8",
                "symfony/filesystem": "^5.4 || ^6"
            },
            "type": "library",
            "extra": {
                "branch-alias": {
                    "dev-main": "1.x-dev"
                }
            },
            "autoload": {
                "psr-4": {
                    "Composer\\ClassMapGenerator\\": "src"
                }
            },
            "notification-url": "https://packagist.org/downloads/",
            "license": [
                "MIT"
            ],
            "authors": [
                {
                    "name": "Jordi Boggiano",
                    "email": "j.boggiano@seld.be",
                    "homepage": "https://seld.be"
                }
            ],
            "description": "Utilities to scan PHP code and generate class maps.",
            "keywords": [
                "classmap"
            ],
            "support": {
                "issues": "https://github.com/composer/class-map-generator/issues",
                "source": "https://github.com/composer/class-map-generator/tree/1.6.2"
            },
            "funding": [
                {
                    "url": "https://packagist.com",
                    "type": "custom"
                },
                {
                    "url": "https://github.com/composer",
                    "type": "github"
                }
            ],
            "time": "2025-08-20T18:52:43+00:00"
        },
        {
            "name": "composer/pcre",
            "version": "3.3.2",
            "source": {
                "type": "git",
                "url": "https://github.com/composer/pcre.git",
                "reference": "b2bed4734f0cc156ee1fe9c0da2550420d99a21e"
            },
            "dist": {
                "type": "zip",
                "url": "https://api.github.com/repos/composer/pcre/zipball/b2bed4734f0cc156ee1fe9c0da2550420d99a21e",
                "reference": "b2bed4734f0cc156ee1fe9c0da2550420d99a21e",
                "shasum": ""
            },
            "require": {
                "php": "^7.4 || ^8.0"
            },
            "conflict": {
                "phpstan/phpstan": "<1.11.10"
            },
            "require-dev": {
                "phpstan/phpstan": "^1.12 || ^2",
                "phpstan/phpstan-strict-rules": "^1 || ^2",
                "phpunit/phpunit": "^8 || ^9"
            },
            "type": "library",
            "extra": {
                "phpstan": {
                    "includes": [
                        "extension.neon"
                    ]
                },
                "branch-alias": {
                    "dev-main": "3.x-dev"
                }
            },
            "autoload": {
                "psr-4": {
                    "Composer\\Pcre\\": "src"
                }
            },
            "notification-url": "https://packagist.org/downloads/",
            "license": [
                "MIT"
            ],
            "authors": [
                {
                    "name": "Jordi Boggiano",
                    "email": "j.boggiano@seld.be",
                    "homepage": "http://seld.be"
                }
            ],
            "description": "PCRE wrapping library that offers type-safe preg_* replacements.",
            "keywords": [
                "PCRE",
                "preg",
                "regex",
                "regular expression"
            ],
            "support": {
                "issues": "https://github.com/composer/pcre/issues",
                "source": "https://github.com/composer/pcre/tree/3.3.2"
            },
            "funding": [
                {
                    "url": "https://packagist.com",
                    "type": "custom"
                },
                {
                    "url": "https://github.com/composer",
                    "type": "github"
                },
                {
                    "url": "https://tidelift.com/funding/github/packagist/composer/composer",
                    "type": "tidelift"
                }
            ],
            "time": "2024-11-12T16:29:46+00:00"
        },
        {
            "name": "davidrjenni/scip-php",
            "version": "v0.0.2",
            "source": {
                "type": "git",
                "url": "https://github.com/davidrjenni/scip-php.git",
                "reference": "b12e0593cfb72e703fdd71f4ad91869502eeb566"
            },
            "dist": {
                "type": "zip",
                "url": "https://api.github.com/repos/davidrjenni/scip-php/zipball/b12e0593cfb72e703fdd71f4ad91869502eeb566",
                "reference": "b12e0593cfb72e703fdd71f4ad91869502eeb566",
                "shasum": ""
            },
            "require": {
                "composer-runtime-api": "^2.2",
                "composer/class-map-generator": "^1.0",
                "ext-json": "*",
                "google/protobuf": "^3.22",
                "jetbrains/phpstorm-stubs": "^2022.3",
                "nikic/php-parser": "^4.15",
                "php": "^8.2"
            },
            "require-dev": {
                "phpstan/extension-installer": "^1.2",
                "phpstan/phpstan": "^1.10",
                "phpstan/phpstan-deprecation-rules": "^1.1",
                "phpstan/phpstan-php-parser": "^1.1",
                "phpstan/phpstan-phpunit": "^1.3",
                "phpstan/phpstan-strict-rules": "^1.5",
                "phpunit/phpunit": "^10.0",
                "squizlabs/php_codesniffer": "^3.7"
            },
            "bin": [
                "bin/scip-php"
            ],
            "type": "library",
            "autoload": {
                "psr-4": {
                    "Scip\\": "src/Bindings/Scip",
                    "ScipPhp\\": "src",
                    "GPBMetadata\\": "src/Bindings/GPBMetadata"
                }
            },
            "notification-url": "https://packagist.org/downloads/",
            "license": [
                "MIT"
            ],
            "description": "SCIP Code Intelligence Protocol (SCIP) indexer for PHP",
            "keywords": [
                "codeintel",
                "scip"
            ],
            "support": {
                "issues": "https://github.com/davidrjenni/scip-php/issues",
                "source": "https://github.com/davidrjenni/scip-php"
            },
            "time": "2023-04-23T18:03:18+00:00"
        },
        {
            "name": "google/protobuf",
            "version": "v3.25.8",
            "source": {
                "type": "git",
                "url": "https://github.com/protocolbuffers/protobuf-php.git",
                "reference": "57d440fc54a00fda5b8781e8d9bf0140ea6d8e52"
            },
            "dist": {
                "type": "zip",
                "url": "https://api.github.com/repos/protocolbuffers/protobuf-php/zipball/57d440fc54a00fda5b8781e8d9bf0140ea6d8e52",
                "reference": "57d440fc54a00fda5b8781e8d9bf0140ea6d8e52",
                "shasum": ""
            },
            "require": {
                "php": ">=7.0.0"
            },
            "require-dev": {
                "phpunit/phpunit": ">=5.0.0"
            },
            "suggest": {
                "ext-bcmath": "Need to support JSON deserialization"
            },
            "type": "library",
            "autoload": {
                "psr-4": {
                    "Google\\Protobuf\\": "src/Google/Protobuf",
                    "GPBMetadata\\Google\\Protobuf\\": "src/GPBMetadata/Google/Protobuf"
                }
            },
            "notification-url": "https://packagist.org/downloads/",
            "license": [
                "BSD-3-Clause"
            ],
            "description": "proto library for PHP",
            "homepage": "https://developers.google.com/protocol-buffers/",
            "keywords": [
                "proto"
            ],
            "support": {
                "source": "https://github.com/protocolbuffers/protobuf-php/tree/v3.25.8"
            },
            "time": "2025-05-27T21:04:40+00:00"
        },
        {
            "name": "jetbrains/phpstorm-stubs",
            "version": "v2022.3",
            "source": {
                "type": "git",
                "url": "https://github.com/JetBrains/phpstorm-stubs.git",
                "reference": "6b568c153cea002dc6fad96285c3063d07cab18d"
            },
            "dist": {
                "type": "zip",
                "url": "https://api.github.com/repos/JetBrains/phpstorm-stubs/zipball/6b568c153cea002dc6fad96285c3063d07cab18d",
                "reference": "6b568c153cea002dc6fad96285c3063d07cab18d",
                "shasum": ""
            },
            "require-dev": {
                "friendsofphp/php-cs-fixer": "@stable",
                "nikic/php-parser": "@stable",
                "php": "^8.0",
                "phpdocumentor/reflection-docblock": "@stable",
                "phpunit/phpunit": "@stable"
            },
            "type": "library",
            "autoload": {
                "files": [
                    "PhpStormStubsMap.php"
                ]
            },
            "notification-url": "https://packagist.org/downloads/",
            "license": [
                "Apache-2.0"
            ],
            "description": "PHP runtime & extensions header files for PhpStorm",
            "homepage": "https://www.jetbrains.com/phpstorm",
            "keywords": [
                "autocomplete",
                "code",
                "inference",
                "inspection",
                "jetbrains",
                "phpstorm",
                "stubs",
                "type"
            ],
            "support": {
                "source": "https://github.com/JetBrains/phpstorm-stubs/tree/v2022.3"
            },
            "time": "2022-10-17T09:21:37+00:00"
        },
        {
            "name": "nikic/php-parser",
            "version": "v4.19.4",
            "source": {
                "type": "git",
                "url": "https://github.com/nikic/PHP-Parser.git",
                "reference": "715f4d25e225bc47b293a8b997fe6ce99bf987d2"
            },
            "dist": {
                "type": "zip",
                "url": "https://api.github.com/repos/nikic/PHP-Parser/zipball/715f4d25e225bc47b293a8b997fe6ce99bf987d2",
                "reference": "715f4d25e225bc47b293a8b997fe6ce99bf987d2",
                "shasum": ""
            },
            "require": {
                "ext-tokenizer": "*",
                "php": ">=7.1"
            },
            "require-dev": {
                "ircmaxell/php-yacc": "^0.0.7",
                "phpunit/phpunit": "^7.0 || ^8.0 || ^9.0"
            },
            "bin": [
                "bin/php-parse"
            ],
            "type": "library",
            "extra": {
                "branch-alias": {
                    "dev-master": "4.9-dev"
                }
            },
            "autoload": {
                "psr-4": {
                    "PhpParser\\": "lib/PhpParser"
                }
            },
            "notification-url": "https://packagist.org/downloads/",
            "license": [
                "BSD-3-Clause"
            ],
            "authors": [
                {
                    "name": "Nikita Popov"
                }
            ],
            "description": "A PHP parser written in PHP",
            "keywords": [
                "parser",
                "php"
            ],
            "support": {
                "issues": "https://github.com/nikic/PHP-Parser/issues",
                "source": "https://github.com/nikic/PHP-Parser/tree/v4.19.4"
            },
            "time": "2024-09-29T15:01:53+00:00"
        },
        {
            "name": "symfony/finder",
            "version": "v7.3.2",
            "source": {
                "type": "git",
                "url": "https://github.com/symfony/finder.git",
                "reference": "2a6614966ba1074fa93dae0bc804227422df4dfe"
            },
            "dist": {
                "type": "zip",
                "url": "https://api.github.com/repos/symfony/finder/zipball/2a6614966ba1074fa93dae0bc804227422df4dfe",
                "reference": "2a6614966ba1074fa93dae0bc804227422df4dfe",
                "shasum": ""
            },
            "require": {
                "php": ">=8.2"
            },
            "require-dev": {
                "symfony/filesystem": "^6.4|^7.0"
            },
            "type": "library",
            "autoload": {
                "psr-4": {
                    "Symfony\\Component\\Finder\\": ""
                },
                "exclude-from-classmap": [
                    "/Tests/"
                ]
            },
            "notification-url": "https://packagist.org/downloads/",
            "license": [
                "MIT"
            ],
            "authors": [
                {
                    "name": "Fabien Potencier",
                    "email": "fabien@symfony.com"
                },
                {
                    "name": "Symfony Community",
                    "homepage": "https://symfony.com/contributors"
                }
            ],
            "description": "Finds files and directories via an intuitive fluent interface",
            "homepage": "https://symfony.com",
            "support": {
                "source": "https://github.com/symfony/finder/tree/v7.3.2"
            },
            "funding": [
                {
                    "url": "https://symfony.com/sponsor",
                    "type": "custom"
                },
                {
                    "url": "https://github.com/fabpot",
                    "type": "github"
                },
                {
                    "url": "https://github.com/nicolas-grekas",
                    "type": "github"
                },
                {
                    "url": "https://tidelift.com/funding/github/packagist/symfony/symfony",
                    "type": "tidelift"
                }
            ],
            "time": "2025-07-15T13:41:35+00:00"
        }
    ],
    "aliases": [],
    "minimum-stability": "stable",
    "stability-flags": {},
    "prefer-stable": false,
    "prefer-lowest": false,
    "platform": {
        "php": ">=8.0"
    },
    "platform-dev": {},
    "plugin-api-version": "2.6.0"
}
